// !$*UTF8*$!
{
	archiveVersion = 1;
	classes = {
	};
	objectVersion = 48;
	objects = {

/* Begin PBXBuildFile section */
		05D60A7E20C966C4DCBDFD47 /* Pods_Travis_Firebase_iOS_ExampleTests.framework in Frameworks */ = {isa = PBXBuildFile; fileRef = CEB78A2E780A184A4A62E302 /* Pods_Travis_Firebase_iOS_ExampleTests.framework */; };
		289AD98782E3A6EA589401C0 /* Pods_Travis_Firebase_iOS_Example.framework in Frameworks */ = {isa = PBXBuildFile; fileRef = 17330A22EF752D77FE1EDF87 /* Pods_Travis_Firebase_iOS_Example.framework */; };
		3EFAC340B65805BE38486215 /* Pods_Travis_Firebase_iOS_ExampleUITests.framework in Frameworks */ = {isa = PBXBuildFile; fileRef = 736FE658FD21E56CABB90919 /* Pods_Travis_Firebase_iOS_ExampleUITests.framework */; };
		5B5C1CD6200A9A1C00FCC4AF /* AppDelegate.swift in Sources */ = {isa = PBXBuildFile; fileRef = 5B5C1CD5200A9A1C00FCC4AF /* AppDelegate.swift */; };
		5B5C1CD8200A9A1C00FCC4AF /* ViewController.swift in Sources */ = {isa = PBXBuildFile; fileRef = 5B5C1CD7200A9A1C00FCC4AF /* ViewController.swift */; };
		5B5C1CDD200A9A1C00FCC4AF /* Assets.xcassets in Resources */ = {isa = PBXBuildFile; fileRef = 5B5C1CDC200A9A1C00FCC4AF /* Assets.xcassets */; };
		5B5C1CE0200A9A1C00FCC4AF /* LaunchScreen.storyboard in Resources */ = {isa = PBXBuildFile; fileRef = 5B5C1CDE200A9A1C00FCC4AF /* LaunchScreen.storyboard */; };
		5B5C1CEB200A9A1C00FCC4AF /* Travis_Firebase_iOS_ExampleTests.swift in Sources */ = {isa = PBXBuildFile; fileRef = 5B5C1CEA200A9A1C00FCC4AF /* Travis_Firebase_iOS_ExampleTests.swift */; };
		5B5C1CF6200A9A1C00FCC4AF /* Travis_Firebase_iOS_ExampleUITests.swift in Sources */ = {isa = PBXBuildFile; fileRef = 5B5C1CF5200A9A1C00FCC4AF /* Travis_Firebase_iOS_ExampleUITests.swift */; };
		5B5C1D04200A9B4D00FCC4AF /* GoogleService-Info.plist in Resources */ = {isa = PBXBuildFile; fileRef = 5B5C1D03200A9B4D00FCC4AF /* GoogleService-Info.plist */; };
/* End PBXBuildFile section */

/* Begin PBXContainerItemProxy section */
		5B5C1CE7200A9A1C00FCC4AF /* PBXContainerItemProxy */ = {
			isa = PBXContainerItemProxy;
			containerPortal = 5B5C1CCA200A9A1C00FCC4AF /* Project object */;
			proxyType = 1;
			remoteGlobalIDString = 5B5C1CD1200A9A1C00FCC4AF;
			remoteInfo = "Travis-Firebase-iOS-Example";
		};
		5B5C1CF2200A9A1C00FCC4AF /* PBXContainerItemProxy */ = {
			isa = PBXContainerItemProxy;
			containerPortal = 5B5C1CCA200A9A1C00FCC4AF /* Project object */;
			proxyType = 1;
			remoteGlobalIDString = 5B5C1CD1200A9A1C00FCC4AF;
			remoteInfo = "Travis-Firebase-iOS-Example";
		};
/* End PBXContainerItemProxy section */

/* Begin PBXFileReference section */
		17330A22EF752D77FE1EDF87 /* Pods_Travis_Firebase_iOS_Example.framework */ = {isa = PBXFileReference; explicitFileType = wrapper.framework; includeInIndex = 0; path = Pods_Travis_Firebase_iOS_Example.framework; sourceTree = BUILT_PRODUCTS_DIR; };
		5B5C1CD2200A9A1C00FCC4AF /* Travis-Firebase-iOS-Example.app */ = {isa = PBXFileReference; explicitFileType = wrapper.application; includeInIndex = 0; path = "Travis-Firebase-iOS-Example.app"; sourceTree = BUILT_PRODUCTS_DIR; };
		5B5C1CD5200A9A1C00FCC4AF /* AppDelegate.swift */ = {isa = PBXFileReference; lastKnownFileType = sourcecode.swift; path = AppDelegate.swift; sourceTree = "<group>"; };
		5B5C1CD7200A9A1C00FCC4AF /* ViewController.swift */ = {isa = PBXFileReference; lastKnownFileType = sourcecode.swift; path = ViewController.swift; sourceTree = "<group>"; };
		5B5C1CDC200A9A1C00FCC4AF /* Assets.xcassets */ = {isa = PBXFileReference; lastKnownFileType = folder.assetcatalog; path = Assets.xcassets; sourceTree = "<group>"; };
		5B5C1CDF200A9A1C00FCC4AF /* Base */ = {isa = PBXFileReference; lastKnownFileType = file.storyboard; name = Base; path = Base.lproj/LaunchScreen.storyboard; sourceTree = "<group>"; };
		5B5C1CE1200A9A1C00FCC4AF /* Info.plist */ = {isa = PBXFileReference; lastKnownFileType = text.plist.xml; path = Info.plist; sourceTree = "<group>"; };
		5B5C1CE6200A9A1C00FCC4AF /* Travis-Firebase-iOS-ExampleTests.xctest */ = {isa = PBXFileReference; explicitFileType = wrapper.cfbundle; includeInIndex = 0; path = "Travis-Firebase-iOS-ExampleTests.xctest"; sourceTree = BUILT_PRODUCTS_DIR; };
		5B5C1CEA200A9A1C00FCC4AF /* Travis_Firebase_iOS_ExampleTests.swift */ = {isa = PBXFileReference; lastKnownFileType = sourcecode.swift; path = Travis_Firebase_iOS_ExampleTests.swift; sourceTree = "<group>"; };
		5B5C1CEC200A9A1C00FCC4AF /* Info.plist */ = {isa = PBXFileReference; lastKnownFileType = text.plist.xml; path = Info.plist; sourceTree = "<group>"; };
		5B5C1CF1200A9A1C00FCC4AF /* Travis-Firebase-iOS-ExampleUITests.xctest */ = {isa = PBXFileReference; explicitFileType = wrapper.cfbundle; includeInIndex = 0; path = "Travis-Firebase-iOS-ExampleUITests.xctest"; sourceTree = BUILT_PRODUCTS_DIR; };
		5B5C1CF5200A9A1C00FCC4AF /* Travis_Firebase_iOS_ExampleUITests.swift */ = {isa = PBXFileReference; lastKnownFileType = sourcecode.swift; path = Travis_Firebase_iOS_ExampleUITests.swift; sourceTree = "<group>"; };
		5B5C1CF7200A9A1C00FCC4AF /* Info.plist */ = {isa = PBXFileReference; lastKnownFileType = text.plist.xml; path = Info.plist; sourceTree = "<group>"; };
		5B5C1D03200A9B4D00FCC4AF /* GoogleService-Info.plist */ = {isa = PBXFileReference; lastKnownFileType = text.plist.xml; path = "GoogleService-Info.plist"; sourceTree = "<group>"; };
		6E449C04AD0013AA3A04160A /* Pods-Travis-Firebase-iOS-ExampleTests.release.xcconfig */ = {isa = PBXFileReference; includeInIndex = 1; lastKnownFileType = text.xcconfig; name = "Pods-Travis-Firebase-iOS-ExampleTests.release.xcconfig"; path = "Pods/Target Support Files/Pods-Travis-Firebase-iOS-ExampleTests/Pods-Travis-Firebase-iOS-ExampleTests.release.xcconfig"; sourceTree = "<group>"; };
		736FE658FD21E56CABB90919 /* Pods_Travis_Firebase_iOS_ExampleUITests.framework */ = {isa = PBXFileReference; explicitFileType = wrapper.framework; includeInIndex = 0; path = Pods_Travis_Firebase_iOS_ExampleUITests.framework; sourceTree = BUILT_PRODUCTS_DIR; };
		AD47BFC7FDB855027970CF69 /* Pods-Travis-Firebase-iOS-Example.debug.xcconfig */ = {isa = PBXFileReference; includeInIndex = 1; lastKnownFileType = text.xcconfig; name = "Pods-Travis-Firebase-iOS-Example.debug.xcconfig"; path = "Pods/Target Support Files/Pods-Travis-Firebase-iOS-Example/Pods-Travis-Firebase-iOS-Example.debug.xcconfig"; sourceTree = "<group>"; };
		CEB78A2E780A184A4A62E302 /* Pods_Travis_Firebase_iOS_ExampleTests.framework */ = {isa = PBXFileReference; explicitFileType = wrapper.framework; includeInIndex = 0; path = Pods_Travis_Firebase_iOS_ExampleTests.framework; sourceTree = BUILT_PRODUCTS_DIR; };
		D3D6F660C3BAC59DC360D726 /* Pods-Travis-Firebase-iOS-Example.release.xcconfig */ = {isa = PBXFileReference; includeInIndex = 1; lastKnownFileType = text.xcconfig; name = "Pods-Travis-Firebase-iOS-Example.release.xcconfig"; path = "Pods/Target Support Files/Pods-Travis-Firebase-iOS-Example/Pods-Travis-Firebase-iOS-Example.release.xcconfig"; sourceTree = "<group>"; };
		D471EA69336A457187334505 /* Pods-Travis-Firebase-iOS-ExampleUITests.release.xcconfig */ = {isa = PBXFileReference; includeInIndex = 1; lastKnownFileType = text.xcconfig; name = "Pods-Travis-Firebase-iOS-ExampleUITests.release.xcconfig"; path = "Pods/Target Support Files/Pods-Travis-Firebase-iOS-ExampleUITests/Pods-Travis-Firebase-iOS-ExampleUITests.release.xcconfig"; sourceTree = "<group>"; };
		DF7E57966FFA8CBE1CBCD622 /* Pods-Travis-Firebase-iOS-ExampleTests.debug.xcconfig */ = {isa = PBXFileReference; includeInIndex = 1; lastKnownFileType = text.xcconfig; name = "Pods-Travis-Firebase-iOS-ExampleTests.debug.xcconfig"; path = "Pods/Target Support Files/Pods-Travis-Firebase-iOS-ExampleTests/Pods-Travis-Firebase-iOS-ExampleTests.debug.xcconfig"; sourceTree = "<group>"; };
		EC494A01AB62ECC55659A466 /* Pods-Travis-Firebase-iOS-ExampleUITests.debug.xcconfig */ = {isa = PBXFileReference; includeInIndex = 1; lastKnownFileType = text.xcconfig; name = "Pods-Travis-Firebase-iOS-ExampleUITests.debug.xcconfig"; path = "Pods/Target Support Files/Pods-Travis-Firebase-iOS-ExampleUITests/Pods-Travis-Firebase-iOS-ExampleUITests.debug.xcconfig"; sourceTree = "<group>"; };
/* End PBXFileReference section */

/* Begin PBXFrameworksBuildPhase section */
		5B5C1CCF200A9A1C00FCC4AF /* Frameworks */ = {
			isa = PBXFrameworksBuildPhase;
			buildActionMask = 2147483647;
			files = (
				289AD98782E3A6EA589401C0 /* Pods_Travis_Firebase_iOS_Example.framework in Frameworks */,
			);
			runOnlyForDeploymentPostprocessing = 0;
		};
		5B5C1CE3200A9A1C00FCC4AF /* Frameworks */ = {
			isa = PBXFrameworksBuildPhase;
			buildActionMask = 2147483647;
			files = (
				05D60A7E20C966C4DCBDFD47 /* Pods_Travis_Firebase_iOS_ExampleTests.framework in Frameworks */,
			);
			runOnlyForDeploymentPostprocessing = 0;
		};
		5B5C1CEE200A9A1C00FCC4AF /* Frameworks */ = {
			isa = PBXFrameworksBuildPhase;
			buildActionMask = 2147483647;
			files = (
				3EFAC340B65805BE38486215 /* Pods_Travis_Firebase_iOS_ExampleUITests.framework in Frameworks */,
			);
			runOnlyForDeploymentPostprocessing = 0;
		};
/* End PBXFrameworksBuildPhase section */

/* Begin PBXGroup section */
		39500FE58C90CD3F34194393 /* Pods */ = {
			isa = PBXGroup;
			children = (
				AD47BFC7FDB855027970CF69 /* Pods-Travis-Firebase-iOS-Example.debug.xcconfig */,
				D3D6F660C3BAC59DC360D726 /* Pods-Travis-Firebase-iOS-Example.release.xcconfig */,
				DF7E57966FFA8CBE1CBCD622 /* Pods-Travis-Firebase-iOS-ExampleTests.debug.xcconfig */,
				6E449C04AD0013AA3A04160A /* Pods-Travis-Firebase-iOS-ExampleTests.release.xcconfig */,
				EC494A01AB62ECC55659A466 /* Pods-Travis-Firebase-iOS-ExampleUITests.debug.xcconfig */,
				D471EA69336A457187334505 /* Pods-Travis-Firebase-iOS-ExampleUITests.release.xcconfig */,
			);
			name = Pods;
			sourceTree = "<group>";
		};
		5B5C1CC9200A9A1C00FCC4AF = {
			isa = PBXGroup;
			children = (
				5B5C1CD4200A9A1C00FCC4AF /* Travis-Firebase-iOS-Example */,
				5B5C1CE9200A9A1C00FCC4AF /* Travis-Firebase-iOS-ExampleTests */,
				5B5C1CF4200A9A1C00FCC4AF /* Travis-Firebase-iOS-ExampleUITests */,
				5B5C1CD3200A9A1C00FCC4AF /* Products */,
				39500FE58C90CD3F34194393 /* Pods */,
				94E3715D82F16D77BEBD81CF /* Frameworks */,
			);
			sourceTree = "<group>";
		};
		5B5C1CD3200A9A1C00FCC4AF /* Products */ = {
			isa = PBXGroup;
			children = (
				5B5C1CD2200A9A1C00FCC4AF /* Travis-Firebase-iOS-Example.app */,
				5B5C1CE6200A9A1C00FCC4AF /* Travis-Firebase-iOS-ExampleTests.xctest */,
				5B5C1CF1200A9A1C00FCC4AF /* Travis-Firebase-iOS-ExampleUITests.xctest */,
			);
			name = Products;
			sourceTree = "<group>";
		};
		5B5C1CD4200A9A1C00FCC4AF /* Travis-Firebase-iOS-Example */ = {
			isa = PBXGroup;
			children = (
				5B5C1CD5200A9A1C00FCC4AF /* AppDelegate.swift */,
				5B5C1CD7200A9A1C00FCC4AF /* ViewController.swift */,
				5B5C1CDC200A9A1C00FCC4AF /* Assets.xcassets */,
				5B5C1CDE200A9A1C00FCC4AF /* LaunchScreen.storyboard */,
				5B5C1CE1200A9A1C00FCC4AF /* Info.plist */,
				5B5C1D03200A9B4D00FCC4AF /* GoogleService-Info.plist */,
			);
			path = "Travis-Firebase-iOS-Example";
			sourceTree = "<group>";
		};
		5B5C1CE9200A9A1C00FCC4AF /* Travis-Firebase-iOS-ExampleTests */ = {
			isa = PBXGroup;
			children = (
				5B5C1CEA200A9A1C00FCC4AF /* Travis_Firebase_iOS_ExampleTests.swift */,
				5B5C1CEC200A9A1C00FCC4AF /* Info.plist */,
			);
			path = "Travis-Firebase-iOS-ExampleTests";
			sourceTree = "<group>";
		};
		5B5C1CF4200A9A1C00FCC4AF /* Travis-Firebase-iOS-ExampleUITests */ = {
			isa = PBXGroup;
			children = (
				5B5C1CF5200A9A1C00FCC4AF /* Travis_Firebase_iOS_ExampleUITests.swift */,
				5B5C1CF7200A9A1C00FCC4AF /* Info.plist */,
			);
			path = "Travis-Firebase-iOS-ExampleUITests";
			sourceTree = "<group>";
		};
		94E3715D82F16D77BEBD81CF /* Frameworks */ = {
			isa = PBXGroup;
			children = (
				17330A22EF752D77FE1EDF87 /* Pods_Travis_Firebase_iOS_Example.framework */,
				CEB78A2E780A184A4A62E302 /* Pods_Travis_Firebase_iOS_ExampleTests.framework */,
				736FE658FD21E56CABB90919 /* Pods_Travis_Firebase_iOS_ExampleUITests.framework */,
			);
			name = Frameworks;
			sourceTree = "<group>";
		};
/* End PBXGroup section */

/* Begin PBXNativeTarget section */
		5B5C1CD1200A9A1C00FCC4AF /* Travis-Firebase-iOS-Example */ = {
			isa = PBXNativeTarget;
			buildConfigurationList = 5B5C1CFA200A9A1C00FCC4AF /* Build configuration list for PBXNativeTarget "Travis-Firebase-iOS-Example" */;
			buildPhases = (
				6362C0836AC2D2324CDC3B19 /* [CP] Check Pods Manifest.lock */,
				5B5C1CCE200A9A1C00FCC4AF /* Sources */,
				5B5C1CCF200A9A1C00FCC4AF /* Frameworks */,
				5B5C1CD0200A9A1C00FCC4AF /* Resources */,
				E3ACFA1BB500EDCD46BC7453 /* [CP] Embed Pods Frameworks */,
				9F44D9C550815DE139873FEB /* [CP] Copy Pods Resources */,
			);
			buildRules = (
			);
			dependencies = (
			);
			name = "Travis-Firebase-iOS-Example";
			productName = "Travis-Firebase-iOS-Example";
			productReference = 5B5C1CD2200A9A1C00FCC4AF /* Travis-Firebase-iOS-Example.app */;
			productType = "com.apple.product-type.application";
		};
		5B5C1CE5200A9A1C00FCC4AF /* Travis-Firebase-iOS-ExampleTests */ = {
			isa = PBXNativeTarget;
			buildConfigurationList = 5B5C1CFD200A9A1C00FCC4AF /* Build configuration list for PBXNativeTarget "Travis-Firebase-iOS-ExampleTests" */;
			buildPhases = (
				B078D5962698179556DA92DC /* [CP] Check Pods Manifest.lock */,
				5B5C1CE2200A9A1C00FCC4AF /* Sources */,
				5B5C1CE3200A9A1C00FCC4AF /* Frameworks */,
				5B5C1CE4200A9A1C00FCC4AF /* Resources */,
				527368137B9EC53E11F71916 /* [CP] Embed Pods Frameworks */,
				DD30404EBDC338CD13369051 /* [CP] Copy Pods Resources */,
			);
			buildRules = (
			);
			dependencies = (
				5B5C1CE8200A9A1C00FCC4AF /* PBXTargetDependency */,
			);
			name = "Travis-Firebase-iOS-ExampleTests";
			productName = "Travis-Firebase-iOS-ExampleTests";
			productReference = 5B5C1CE6200A9A1C00FCC4AF /* Travis-Firebase-iOS-ExampleTests.xctest */;
			productType = "com.apple.product-type.bundle.unit-test";
		};
		5B5C1CF0200A9A1C00FCC4AF /* Travis-Firebase-iOS-ExampleUITests */ = {
			isa = PBXNativeTarget;
			buildConfigurationList = 5B5C1D00200A9A1C00FCC4AF /* Build configuration list for PBXNativeTarget "Travis-Firebase-iOS-ExampleUITests" */;
			buildPhases = (
				5483E599DDC3568B4E915924 /* [CP] Check Pods Manifest.lock */,
				5B5C1CED200A9A1C00FCC4AF /* Sources */,
				5B5C1CEE200A9A1C00FCC4AF /* Frameworks */,
				5B5C1CEF200A9A1C00FCC4AF /* Resources */,
				AFD2ADA94C439F75C8F24D84 /* [CP] Embed Pods Frameworks */,
				D6E3C88EE85228033A144611 /* [CP] Copy Pods Resources */,
			);
			buildRules = (
			);
			dependencies = (
				5B5C1CF3200A9A1C00FCC4AF /* PBXTargetDependency */,
			);
			name = "Travis-Firebase-iOS-ExampleUITests";
			productName = "Travis-Firebase-iOS-ExampleUITests";
			productReference = 5B5C1CF1200A9A1C00FCC4AF /* Travis-Firebase-iOS-ExampleUITests.xctest */;
			productType = "com.apple.product-type.bundle.ui-testing";
		};
/* End PBXNativeTarget section */

/* Begin PBXProject section */
		5B5C1CCA200A9A1C00FCC4AF /* Project object */ = {
			isa = PBXProject;
			attributes = {
				LastSwiftUpdateCheck = 0920;
				LastUpgradeCheck = 0920;
				ORGANIZATIONNAME = "Wikipedia Brown";
				TargetAttributes = {
					5B5C1CD1200A9A1C00FCC4AF = {
						CreatedOnToolsVersion = 9.2;
						ProvisioningStyle = Automatic;
					};
					5B5C1CE5200A9A1C00FCC4AF = {
						CreatedOnToolsVersion = 9.2;
						ProvisioningStyle = Automatic;
						TestTargetID = 5B5C1CD1200A9A1C00FCC4AF;
					};
					5B5C1CF0200A9A1C00FCC4AF = {
						CreatedOnToolsVersion = 9.2;
						ProvisioningStyle = Automatic;
						TestTargetID = 5B5C1CD1200A9A1C00FCC4AF;
					};
				};
			};
			buildConfigurationList = 5B5C1CCD200A9A1C00FCC4AF /* Build configuration list for PBXProject "Travis-Firebase-iOS-Example" */;
			compatibilityVersion = "Xcode 8.0";
			developmentRegion = en;
			hasScannedForEncodings = 0;
			knownRegions = (
				en,
				Base,
			);
			mainGroup = 5B5C1CC9200A9A1C00FCC4AF;
			productRefGroup = 5B5C1CD3200A9A1C00FCC4AF /* Products */;
			projectDirPath = "";
			projectRoot = "";
			targets = (
				5B5C1CD1200A9A1C00FCC4AF /* Travis-Firebase-iOS-Example */,
				5B5C1CE5200A9A1C00FCC4AF /* Travis-Firebase-iOS-ExampleTests */,
				5B5C1CF0200A9A1C00FCC4AF /* Travis-Firebase-iOS-ExampleUITests */,
			);
		};
/* End PBXProject section */

/* Begin PBXResourcesBuildPhase section */
		5B5C1CD0200A9A1C00FCC4AF /* Resources */ = {
			isa = PBXResourcesBuildPhase;
			buildActionMask = 2147483647;
			files = (
				5B5C1CE0200A9A1C00FCC4AF /* LaunchScreen.storyboard in Resources */,
				5B5C1CDD200A9A1C00FCC4AF /* Assets.xcassets in Resources */,
				5B5C1D04200A9B4D00FCC4AF /* GoogleService-Info.plist in Resources */,
			);
			runOnlyForDeploymentPostprocessing = 0;
		};
		5B5C1CE4200A9A1C00FCC4AF /* Resources */ = {
			isa = PBXResourcesBuildPhase;
			buildActionMask = 2147483647;
			files = (
			);
			runOnlyForDeploymentPostprocessing = 0;
		};
		5B5C1CEF200A9A1C00FCC4AF /* Resources */ = {
			isa = PBXResourcesBuildPhase;
			buildActionMask = 2147483647;
			files = (
			);
			runOnlyForDeploymentPostprocessing = 0;
		};
/* End PBXResourcesBuildPhase section */

/* Begin PBXShellScriptBuildPhase section */
		527368137B9EC53E11F71916 /* [CP] Embed Pods Frameworks */ = {
			isa = PBXShellScriptBuildPhase;
			buildActionMask = 2147483647;
			files = (
			);
			inputPaths = (
				"${SRCROOT}/Pods/Target Support Files/Pods-Travis-Firebase-iOS-ExampleTests/Pods-Travis-Firebase-iOS-ExampleTests-frameworks.sh",
				"${BUILT_PRODUCTS_DIR}/GTMSessionFetcher/GTMSessionFetcher.framework",
				"${BUILT_PRODUCTS_DIR}/GoogleToolboxForMac/GoogleToolboxForMac.framework",
				"${BUILT_PRODUCTS_DIR}/leveldb-library/leveldb.framework",
				"${BUILT_PRODUCTS_DIR}/nanopb/nanopb.framework",
			);
			name = "[CP] Embed Pods Frameworks";
			outputPaths = (
				"${TARGET_BUILD_DIR}/${FRAMEWORKS_FOLDER_PATH}/GTMSessionFetcher.framework",
				"${TARGET_BUILD_DIR}/${FRAMEWORKS_FOLDER_PATH}/GoogleToolboxForMac.framework",
				"${TARGET_BUILD_DIR}/${FRAMEWORKS_FOLDER_PATH}/leveldb.framework",
				"${TARGET_BUILD_DIR}/${FRAMEWORKS_FOLDER_PATH}/nanopb.framework",
			);
			runOnlyForDeploymentPostprocessing = 0;
			shellPath = /bin/sh;
			shellScript = "\"${SRCROOT}/Pods/Target Support Files/Pods-Travis-Firebase-iOS-ExampleTests/Pods-Travis-Firebase-iOS-ExampleTests-frameworks.sh\"\n";
			showEnvVarsInLog = 0;
		};
		5483E599DDC3568B4E915924 /* [CP] Check Pods Manifest.lock */ = {
			isa = PBXShellScriptBuildPhase;
			buildActionMask = 2147483647;
			files = (
			);
			inputPaths = (
				"${PODS_PODFILE_DIR_PATH}/Podfile.lock",
				"${PODS_ROOT}/Manifest.lock",
			);
			name = "[CP] Check Pods Manifest.lock";
			outputPaths = (
				"$(DERIVED_FILE_DIR)/Pods-Travis-Firebase-iOS-ExampleUITests-checkManifestLockResult.txt",
			);
			runOnlyForDeploymentPostprocessing = 0;
			shellPath = /bin/sh;
			shellScript = "diff \"${PODS_PODFILE_DIR_PATH}/Podfile.lock\" \"${PODS_ROOT}/Manifest.lock\" > /dev/null\nif [ $? != 0 ] ; then\n    # print error to STDERR\n    echo \"error: The sandbox is not in sync with the Podfile.lock. Run 'pod install' or update your CocoaPods installation.\" >&2\n    exit 1\nfi\n# This output is used by Xcode 'outputs' to avoid re-running this script phase.\necho \"SUCCESS\" > \"${SCRIPT_OUTPUT_FILE_0}\"\n";
			showEnvVarsInLog = 0;
		};
		6362C0836AC2D2324CDC3B19 /* [CP] Check Pods Manifest.lock */ = {
			isa = PBXShellScriptBuildPhase;
			buildActionMask = 2147483647;
			files = (
			);
			inputPaths = (
				"${PODS_PODFILE_DIR_PATH}/Podfile.lock",
				"${PODS_ROOT}/Manifest.lock",
			);
			name = "[CP] Check Pods Manifest.lock";
			outputPaths = (
				"$(DERIVED_FILE_DIR)/Pods-Travis-Firebase-iOS-Example-checkManifestLockResult.txt",
			);
			runOnlyForDeploymentPostprocessing = 0;
			shellPath = /bin/sh;
			shellScript = "diff \"${PODS_PODFILE_DIR_PATH}/Podfile.lock\" \"${PODS_ROOT}/Manifest.lock\" > /dev/null\nif [ $? != 0 ] ; then\n    # print error to STDERR\n    echo \"error: The sandbox is not in sync with the Podfile.lock. Run 'pod install' or update your CocoaPods installation.\" >&2\n    exit 1\nfi\n# This output is used by Xcode 'outputs' to avoid re-running this script phase.\necho \"SUCCESS\" > \"${SCRIPT_OUTPUT_FILE_0}\"\n";
			showEnvVarsInLog = 0;
		};
		9F44D9C550815DE139873FEB /* [CP] Copy Pods Resources */ = {
			isa = PBXShellScriptBuildPhase;
			buildActionMask = 2147483647;
			files = (
			);
			inputPaths = (
			);
			name = "[CP] Copy Pods Resources";
			outputPaths = (
			);
			runOnlyForDeploymentPostprocessing = 0;
			shellPath = /bin/sh;
			shellScript = "\"${SRCROOT}/Pods/Target Support Files/Pods-Travis-Firebase-iOS-Example/Pods-Travis-Firebase-iOS-Example-resources.sh\"\n";
			showEnvVarsInLog = 0;
		};
		AFD2ADA94C439F75C8F24D84 /* [CP] Embed Pods Frameworks */ = {
			isa = PBXShellScriptBuildPhase;
			buildActionMask = 2147483647;
			files = (
			);
			inputPaths = (
				"${SRCROOT}/Pods/Target Support Files/Pods-Travis-Firebase-iOS-ExampleUITests/Pods-Travis-Firebase-iOS-ExampleUITests-frameworks.sh",
				"${BUILT_PRODUCTS_DIR}/GTMSessionFetcher/GTMSessionFetcher.framework",
				"${BUILT_PRODUCTS_DIR}/GoogleToolboxForMac/GoogleToolboxForMac.framework",
				"${BUILT_PRODUCTS_DIR}/leveldb-library/leveldb.framework",
				"${BUILT_PRODUCTS_DIR}/nanopb/nanopb.framework",
			);
			name = "[CP] Embed Pods Frameworks";
			outputPaths = (
				"${TARGET_BUILD_DIR}/${FRAMEWORKS_FOLDER_PATH}/GTMSessionFetcher.framework",
				"${TARGET_BUILD_DIR}/${FRAMEWORKS_FOLDER_PATH}/GoogleToolboxForMac.framework",
				"${TARGET_BUILD_DIR}/${FRAMEWORKS_FOLDER_PATH}/leveldb.framework",
				"${TARGET_BUILD_DIR}/${FRAMEWORKS_FOLDER_PATH}/nanopb.framework",
			);
			runOnlyForDeploymentPostprocessing = 0;
			shellPath = /bin/sh;
			shellScript = "\"${SRCROOT}/Pods/Target Support Files/Pods-Travis-Firebase-iOS-ExampleUITests/Pods-Travis-Firebase-iOS-ExampleUITests-frameworks.sh\"\n";
			showEnvVarsInLog = 0;
		};
		B078D5962698179556DA92DC /* [CP] Check Pods Manifest.lock */ = {
			isa = PBXShellScriptBuildPhase;
			buildActionMask = 2147483647;
			files = (
			);
			inputPaths = (
				"${PODS_PODFILE_DIR_PATH}/Podfile.lock",
				"${PODS_ROOT}/Manifest.lock",
			);
			name = "[CP] Check Pods Manifest.lock";
			outputPaths = (
				"$(DERIVED_FILE_DIR)/Pods-Travis-Firebase-iOS-ExampleTests-checkManifestLockResult.txt",
			);
			runOnlyForDeploymentPostprocessing = 0;
			shellPath = /bin/sh;
			shellScript = "diff \"${PODS_PODFILE_DIR_PATH}/Podfile.lock\" \"${PODS_ROOT}/Manifest.lock\" > /dev/null\nif [ $? != 0 ] ; then\n    # print error to STDERR\n    echo \"error: The sandbox is not in sync with the Podfile.lock. Run 'pod install' or update your CocoaPods installation.\" >&2\n    exit 1\nfi\n# This output is used by Xcode 'outputs' to avoid re-running this script phase.\necho \"SUCCESS\" > \"${SCRIPT_OUTPUT_FILE_0}\"\n";
			showEnvVarsInLog = 0;
		};
		D6E3C88EE85228033A144611 /* [CP] Copy Pods Resources */ = {
			isa = PBXShellScriptBuildPhase;
			buildActionMask = 2147483647;
			files = (
			);
			inputPaths = (
			);
			name = "[CP] Copy Pods Resources";
			outputPaths = (
			);
			runOnlyForDeploymentPostprocessing = 0;
			shellPath = /bin/sh;
			shellScript = "\"${SRCROOT}/Pods/Target Support Files/Pods-Travis-Firebase-iOS-ExampleUITests/Pods-Travis-Firebase-iOS-ExampleUITests-resources.sh\"\n";
			showEnvVarsInLog = 0;
		};
		DD30404EBDC338CD13369051 /* [CP] Copy Pods Resources */ = {
			isa = PBXShellScriptBuildPhase;
			buildActionMask = 2147483647;
			files = (
			);
			inputPaths = (
			);
			name = "[CP] Copy Pods Resources";
			outputPaths = (
			);
			runOnlyForDeploymentPostprocessing = 0;
			shellPath = /bin/sh;
			shellScript = "\"${SRCROOT}/Pods/Target Support Files/Pods-Travis-Firebase-iOS-ExampleTests/Pods-Travis-Firebase-iOS-ExampleTests-resources.sh\"\n";
			showEnvVarsInLog = 0;
		};
		E3ACFA1BB500EDCD46BC7453 /* [CP] Embed Pods Frameworks */ = {
			isa = PBXShellScriptBuildPhase;
			buildActionMask = 2147483647;
			files = (
			);
			inputPaths = (
				"${SRCROOT}/Pods/Target Support Files/Pods-Travis-Firebase-iOS-Example/Pods-Travis-Firebase-iOS-Example-frameworks.sh",
				"${BUILT_PRODUCTS_DIR}/GTMSessionFetcher/GTMSessionFetcher.framework",
				"${BUILT_PRODUCTS_DIR}/GoogleToolboxForMac/GoogleToolboxForMac.framework",
				"${BUILT_PRODUCTS_DIR}/leveldb-library/leveldb.framework",
				"${BUILT_PRODUCTS_DIR}/nanopb/nanopb.framework",
			);
			name = "[CP] Embed Pods Frameworks";
			outputPaths = (
				"${TARGET_BUILD_DIR}/${FRAMEWORKS_FOLDER_PATH}/GTMSessionFetcher.framework",
				"${TARGET_BUILD_DIR}/${FRAMEWORKS_FOLDER_PATH}/GoogleToolboxForMac.framework",
				"${TARGET_BUILD_DIR}/${FRAMEWORKS_FOLDER_PATH}/leveldb.framework",
				"${TARGET_BUILD_DIR}/${FRAMEWORKS_FOLDER_PATH}/nanopb.framework",
			);
			runOnlyForDeploymentPostprocessing = 0;
			shellPath = /bin/sh;
			shellScript = "\"${SRCROOT}/Pods/Target Support Files/Pods-Travis-Firebase-iOS-Example/Pods-Travis-Firebase-iOS-Example-frameworks.sh\"\n";
			showEnvVarsInLog = 0;
		};
/* End PBXShellScriptBuildPhase section */

/* Begin PBXSourcesBuildPhase section */
		5B5C1CCE200A9A1C00FCC4AF /* Sources */ = {
			isa = PBXSourcesBuildPhase;
			buildActionMask = 2147483647;
			files = (
				5B5C1CD8200A9A1C00FCC4AF /* ViewController.swift in Sources */,
				5B5C1CD6200A9A1C00FCC4AF /* AppDelegate.swift in Sources */,
			);
			runOnlyForDeploymentPostprocessing = 0;
		};
		5B5C1CE2200A9A1C00FCC4AF /* Sources */ = {
			isa = PBXSourcesBuildPhase;
			buildActionMask = 2147483647;
			files = (
				5B5C1CEB200A9A1C00FCC4AF /* Travis_Firebase_iOS_ExampleTests.swift in Sources */,
			);
			runOnlyForDeploymentPostprocessing = 0;
		};
		5B5C1CED200A9A1C00FCC4AF /* Sources */ = {
			isa = PBXSourcesBuildPhase;
			buildActionMask = 2147483647;
			files = (
				5B5C1CF6200A9A1C00FCC4AF /* Travis_Firebase_iOS_ExampleUITests.swift in Sources */,
			);
			runOnlyForDeploymentPostprocessing = 0;
		};
/* End PBXSourcesBuildPhase section */

/* Begin PBXTargetDependency section */
		5B5C1CE8200A9A1C00FCC4AF /* PBXTargetDependency */ = {
			isa = PBXTargetDependency;
			target = 5B5C1CD1200A9A1C00FCC4AF /* Travis-Firebase-iOS-Example */;
			targetProxy = 5B5C1CE7200A9A1C00FCC4AF /* PBXContainerItemProxy */;
		};
		5B5C1CF3200A9A1C00FCC4AF /* PBXTargetDependency */ = {
			isa = PBXTargetDependency;
			target = 5B5C1CD1200A9A1C00FCC4AF /* Travis-Firebase-iOS-Example */;
			targetProxy = 5B5C1CF2200A9A1C00FCC4AF /* PBXContainerItemProxy */;
		};
/* End PBXTargetDependency section */

/* Begin PBXVariantGroup section */
		5B5C1CDE200A9A1C00FCC4AF /* LaunchScreen.storyboard */ = {
			isa = PBXVariantGroup;
			children = (
				5B5C1CDF200A9A1C00FCC4AF /* Base */,
			);
			name = LaunchScreen.storyboard;
			sourceTree = "<group>";
		};
/* End PBXVariantGroup section */

/* Begin XCBuildConfiguration section */
		5B5C1CF8200A9A1C00FCC4AF /* Debug */ = {
			isa = XCBuildConfiguration;
			buildSettings = {
				ALWAYS_SEARCH_USER_PATHS = NO;
				CLANG_ANALYZER_NONNULL = YES;
				CLANG_ANALYZER_NUMBER_OBJECT_CONVERSION = YES_AGGRESSIVE;
				CLANG_CXX_LANGUAGE_STANDARD = "gnu++14";
				CLANG_CXX_LIBRARY = "libc++";
				CLANG_ENABLE_MODULES = YES;
				CLANG_ENABLE_OBJC_ARC = YES;
				CLANG_WARN_BLOCK_CAPTURE_AUTORELEASING = YES;
				CLANG_WARN_BOOL_CONVERSION = YES;
				CLANG_WARN_COMMA = YES;
				CLANG_WARN_CONSTANT_CONVERSION = YES;
				CLANG_WARN_DIRECT_OBJC_ISA_USAGE = YES_ERROR;
				CLANG_WARN_DOCUMENTATION_COMMENTS = YES;
				CLANG_WARN_EMPTY_BODY = YES;
				CLANG_WARN_ENUM_CONVERSION = YES;
				CLANG_WARN_INFINITE_RECURSION = YES;
				CLANG_WARN_INT_CONVERSION = YES;
				CLANG_WARN_NON_LITERAL_NULL_CONVERSION = YES;
				CLANG_WARN_OBJC_LITERAL_CONVERSION = YES;
				CLANG_WARN_OBJC_ROOT_CLASS = YES_ERROR;
				CLANG_WARN_RANGE_LOOP_ANALYSIS = YES;
				CLANG_WARN_STRICT_PROTOTYPES = YES;
				CLANG_WARN_SUSPICIOUS_MOVE = YES;
				CLANG_WARN_UNGUARDED_AVAILABILITY = YES_AGGRESSIVE;
				CLANG_WARN_UNREACHABLE_CODE = YES;
				CLANG_WARN__DUPLICATE_METHOD_MATCH = YES;
				CODE_SIGN_IDENTITY = "iPhone Developer";
				COPY_PHASE_STRIP = NO;
				DEBUG_INFORMATION_FORMAT = dwarf;
				ENABLE_STRICT_OBJC_MSGSEND = YES;
				ENABLE_TESTABILITY = YES;
				GCC_C_LANGUAGE_STANDARD = gnu11;
				GCC_DYNAMIC_NO_PIC = NO;
				GCC_NO_COMMON_BLOCKS = YES;
				GCC_OPTIMIZATION_LEVEL = 0;
				GCC_PREPROCESSOR_DEFINITIONS = (
					"DEBUG=1",
					"$(inherited)",
				);
				GCC_WARN_64_TO_32_BIT_CONVERSION = YES;
				GCC_WARN_ABOUT_RETURN_TYPE = YES_ERROR;
				GCC_WARN_UNDECLARED_SELECTOR = YES;
				GCC_WARN_UNINITIALIZED_AUTOS = YES_AGGRESSIVE;
				GCC_WARN_UNUSED_FUNCTION = YES;
				GCC_WARN_UNUSED_VARIABLE = YES;
				IPHONEOS_DEPLOYMENT_TARGET = 11.2;
				MTL_ENABLE_DEBUG_INFO = YES;
				ONLY_ACTIVE_ARCH = YES;
				SDKROOT = iphoneos;
				SWIFT_ACTIVE_COMPILATION_CONDITIONS = DEBUG;
				SWIFT_OPTIMIZATION_LEVEL = "-Onone";
			};
			name = Debug;
		};
		5B5C1CF9200A9A1C00FCC4AF /* Release */ = {
			isa = XCBuildConfiguration;
			buildSettings = {
				ALWAYS_SEARCH_USER_PATHS = NO;
				CLANG_ANALYZER_NONNULL = YES;
				CLANG_ANALYZER_NUMBER_OBJECT_CONVERSION = YES_AGGRESSIVE;
				CLANG_CXX_LANGUAGE_STANDARD = "gnu++14";
				CLANG_CXX_LIBRARY = "libc++";
				CLANG_ENABLE_MODULES = YES;
				CLANG_ENABLE_OBJC_ARC = YES;
				CLANG_WARN_BLOCK_CAPTURE_AUTORELEASING = YES;
				CLANG_WARN_BOOL_CONVERSION = YES;
				CLANG_WARN_COMMA = YES;
				CLANG_WARN_CONSTANT_CONVERSION = YES;
				CLANG_WARN_DIRECT_OBJC_ISA_USAGE = YES_ERROR;
				CLANG_WARN_DOCUMENTATION_COMMENTS = YES;
				CLANG_WARN_EMPTY_BODY = YES;
				CLANG_WARN_ENUM_CONVERSION = YES;
				CLANG_WARN_INFINITE_RECURSION = YES;
				CLANG_WARN_INT_CONVERSION = YES;
				CLANG_WARN_NON_LITERAL_NULL_CONVERSION = YES;
				CLANG_WARN_OBJC_LITERAL_CONVERSION = YES;
				CLANG_WARN_OBJC_ROOT_CLASS = YES_ERROR;
				CLANG_WARN_RANGE_LOOP_ANALYSIS = YES;
				CLANG_WARN_STRICT_PROTOTYPES = YES;
				CLANG_WARN_SUSPICIOUS_MOVE = YES;
				CLANG_WARN_UNGUARDED_AVAILABILITY = YES_AGGRESSIVE;
				CLANG_WARN_UNREACHABLE_CODE = YES;
				CLANG_WARN__DUPLICATE_METHOD_MATCH = YES;
				CODE_SIGN_IDENTITY = "iPhone Developer";
				COPY_PHASE_STRIP = NO;
				DEBUG_INFORMATION_FORMAT = "dwarf-with-dsym";
				ENABLE_NS_ASSERTIONS = NO;
				ENABLE_STRICT_OBJC_MSGSEND = YES;
				GCC_C_LANGUAGE_STANDARD = gnu11;
				GCC_NO_COMMON_BLOCKS = YES;
				GCC_WARN_64_TO_32_BIT_CONVERSION = YES;
				GCC_WARN_ABOUT_RETURN_TYPE = YES_ERROR;
				GCC_WARN_UNDECLARED_SELECTOR = YES;
				GCC_WARN_UNINITIALIZED_AUTOS = YES_AGGRESSIVE;
				GCC_WARN_UNUSED_FUNCTION = YES;
				GCC_WARN_UNUSED_VARIABLE = YES;
				IPHONEOS_DEPLOYMENT_TARGET = 11.2;
				MTL_ENABLE_DEBUG_INFO = NO;
				SDKROOT = iphoneos;
				SWIFT_OPTIMIZATION_LEVEL = "-Owholemodule";
				VALIDATE_PRODUCT = YES;
			};
			name = Release;
		};
		5B5C1CFB200A9A1C00FCC4AF /* Debug */ = {
			isa = XCBuildConfiguration;
			baseConfigurationReference = AD47BFC7FDB855027970CF69 /* Pods-Travis-Firebase-iOS-Example.debug.xcconfig */;
			buildSettings = {
				ASSETCATALOG_COMPILER_APPICON_NAME = AppIcon;
				CODE_SIGN_STYLE = Automatic;
				DEVELOPMENT_TEAM = 4AM5US9G8B;
				INFOPLIST_FILE = "Travis-Firebase-iOS-Example/Info.plist";
				LD_RUNPATH_SEARCH_PATHS = "$(inherited) @executable_path/Frameworks";
				PRODUCT_BUNDLE_IDENTIFIER = "IamGoodBad.Travis-Firebase-iOS-Example";
				PRODUCT_NAME = "$(TARGET_NAME)";
				SWIFT_VERSION = 4.0;
				TARGETED_DEVICE_FAMILY = "1,2";
			};
			name = Debug;
		};
		5B5C1CFC200A9A1C00FCC4AF /* Release */ = {
			isa = XCBuildConfiguration;
			baseConfigurationReference = D3D6F660C3BAC59DC360D726 /* Pods-Travis-Firebase-iOS-Example.release.xcconfig */;
			buildSettings = {
				ASSETCATALOG_COMPILER_APPICON_NAME = AppIcon;
				CODE_SIGN_STYLE = Automatic;
				DEVELOPMENT_TEAM = 4AM5US9G8B;
				INFOPLIST_FILE = "Travis-Firebase-iOS-Example/Info.plist";
				LD_RUNPATH_SEARCH_PATHS = "$(inherited) @executable_path/Frameworks";
				PRODUCT_BUNDLE_IDENTIFIER = "IamGoodBad.Travis-Firebase-iOS-Example";
				PRODUCT_NAME = "$(TARGET_NAME)";
				SWIFT_VERSION = 4.0;
				TARGETED_DEVICE_FAMILY = "1,2";
			};
			name = Release;
		};
		5B5C1CFE200A9A1C00FCC4AF /* Debug */ = {
			isa = XCBuildConfiguration;
			baseConfigurationReference = DF7E57966FFA8CBE1CBCD622 /* Pods-Travis-Firebase-iOS-ExampleTests.debug.xcconfig */;
			buildSettings = {
				ALWAYS_EMBED_SWIFT_STANDARD_LIBRARIES = YES;
				BUNDLE_LOADER = "$(TEST_HOST)";
				CODE_SIGN_STYLE = Automatic;
				DEVELOPMENT_TEAM = 4AM5US9G8B;
				INFOPLIST_FILE = "Travis-Firebase-iOS-ExampleTests/Info.plist";
				LD_RUNPATH_SEARCH_PATHS = "$(inherited) @executable_path/Frameworks @loader_path/Frameworks";
				PRODUCT_BUNDLE_IDENTIFIER = "IamGoodBad.Travis-Firebase-iOS-ExampleTests";
				PRODUCT_NAME = "$(TARGET_NAME)";
				SWIFT_VERSION = 4.0;
				TARGETED_DEVICE_FAMILY = "1,2";
				TEST_HOST = "$(BUILT_PRODUCTS_DIR)/Travis-Firebase-iOS-Example.app/Travis-Firebase-iOS-Example";
			};
			name = Debug;
		};
		5B5C1CFF200A9A1C00FCC4AF /* Release */ = {
			isa = XCBuildConfiguration;
			baseConfigurationReference = 6E449C04AD0013AA3A04160A /* Pods-Travis-Firebase-iOS-ExampleTests.release.xcconfig */;
			buildSettings = {
				ALWAYS_EMBED_SWIFT_STANDARD_LIBRARIES = YES;
				BUNDLE_LOADER = "$(TEST_HOST)";
				CODE_SIGN_STYLE = Automatic;
				DEVELOPMENT_TEAM = 4AM5US9G8B;
				INFOPLIST_FILE = "Travis-Firebase-iOS-ExampleTests/Info.plist";
				LD_RUNPATH_SEARCH_PATHS = "$(inherited) @executable_path/Frameworks @loader_path/Frameworks";
				PRODUCT_BUNDLE_IDENTIFIER = "IamGoodBad.Travis-Firebase-iOS-ExampleTests";
				PRODUCT_NAME = "$(TARGET_NAME)";
				SWIFT_VERSION = 4.0;
				TARGETED_DEVICE_FAMILY = "1,2";
				TEST_HOST = "$(BUILT_PRODUCTS_DIR)/Travis-Firebase-iOS-Example.app/Travis-Firebase-iOS-Example";
			};
			name = Release;
		};
		5B5C1D01200A9A1C00FCC4AF /* Debug */ = {
			isa = XCBuildConfiguration;
			baseConfigurationReference = EC494A01AB62ECC55659A466 /* Pods-Travis-Firebase-iOS-ExampleUITests.debug.xcconfig */;
			buildSettings = {
				ALWAYS_EMBED_SWIFT_STANDARD_LIBRARIES = YES;
				CODE_SIGN_STYLE = Automatic;
				DEVELOPMENT_TEAM = 4AM5US9G8B;
				INFOPLIST_FILE = "Travis-Firebase-iOS-ExampleUITests/Info.plist";
				LD_RUNPATH_SEARCH_PATHS = "$(inherited) @executable_path/Frameworks @loader_path/Frameworks";
				PRODUCT_BUNDLE_IDENTIFIER = "IamGoodBad.Travis-Firebase-iOS-ExampleUITests";
				PRODUCT_NAME = "$(TARGET_NAME)";
				SWIFT_VERSION = 4.0;
				TARGETED_DEVICE_FAMILY = "1,2";
				TEST_TARGET_NAME = "Travis-Firebase-iOS-Example";
			};
			name = Debug;
		};
		5B5C1D02200A9A1C00FCC4AF /* Release */ = {
			isa = XCBuildConfiguration;
			baseConfigurationReference = D471EA69336A457187334505 /* Pods-Travis-Firebase-iOS-ExampleUITests.release.xcconfig */;
			buildSettings = {
				ALWAYS_EMBED_SWIFT_STANDARD_LIBRARIES = YES;
				CODE_SIGN_STYLE = Automatic;
				DEVELOPMENT_TEAM = 4AM5US9G8B;
				INFOPLIST_FILE = "Travis-Firebase-iOS-ExampleUITests/Info.plist";
				LD_RUNPATH_SEARCH_PATHS = "$(inherited) @executable_path/Frameworks @loader_path/Frameworks";
				PRODUCT_BUNDLE_IDENTIFIER = "IamGoodBad.Travis-Firebase-iOS-ExampleUITests";
				PRODUCT_NAME = "$(TARGET_NAME)";
				SWIFT_VERSION = 4.0;
				TARGETED_DEVICE_FAMILY = "1,2";
				TEST_TARGET_NAME = "Travis-Firebase-iOS-Example";
			};
			name = Release;
		};
/* End XCBuildConfiguration section */

/* Begin XCConfigurationList section */
		5B5C1CCD200A9A1C00FCC4AF /* Build configuration list for PBXProject "Travis-Firebase-iOS-Example" */ = {
			isa = XCConfigurationList;
			buildConfigurations = (
				5B5C1CF8200A9A1C00FCC4AF /* Debug */,
				5B5C1CF9200A9A1C00FCC4AF /* Release */,
			);
			defaultConfigurationIsVisible = 0;
			defaultConfigurationName = Release;
		};
		5B5C1CFA200A9A1C00FCC4AF /* Build configuration list for PBXNativeTarget "Travis-Firebase-iOS-Example" */ = {
			isa = XCConfigurationList;
			buildConfigurations = (
				5B5C1CFB200A9A1C00FCC4AF /* Debug */,
				5B5C1CFC200A9A1C00FCC4AF /* Release */,
			);
			defaultConfigurationIsVisible = 0;
			defaultConfigurationName = Release;
		};
		5B5C1CFD200A9A1C00FCC4AF /* Build configuration list for PBXNativeTarget "Travis-Firebase-iOS-ExampleTests" */ = {
			isa = XCConfigurationList;
			buildConfigurations = (
				5B5C1CFE200A9A1C00FCC4AF /* Debug */,
				5B5C1CFF200A9A1C00FCC4AF /* Release */,
			);
			defaultConfigurationIsVisible = 0;
			defaultConfigurationName = Release;
		};
		5B5C1D00200A9A1C00FCC4AF /* Build configuration list for PBXNativeTarget "Travis-Firebase-iOS-ExampleUITests" */ = {
			isa = XCConfigurationList;
			buildConfigurations = (
				5B5C1D01200A9A1C00FCC4AF /* Debug */,
				5B5C1D02200A9A1C00FCC4AF /* Release */,
			);
			defaultConfigurationIsVisible = 0;
			defaultConfigurationName = Release;
		};
/* End XCConfigurationList section */
	};
	rootObject = 5B5C1CCA200A9A1C00FCC4AF /* Project object */;
}
